
Microsoft Visual Studio Solution File, Format Version 12.00
# Visual Studio Version 17
VisualStudioVersion = 17.8.34322.80
MinimumVisualStudioVersion = 10.0.40219.1
Project("{FAE04EC0-301F-11D3-BF4B-00C04F79EFBC}") = "AdventOfCode", "AdventOfCode.csproj", "{2F636B27-B3E7-43DB-8904-6C55D7DD6D76}"
EndProject
Global
	GlobalSection(SolutionConfigurationPlatforms) = preSolution
		Debug|Any CPU = Debug|Any CPU
		Release|Any CPU = Release|Any CPU
	EndGlobalSection
	GlobalSection(ProjectConfigurationPlatforms) = postSolution
		{2F636B27-B3E7-43DB-8904-6C55D7DD6D76}.Debug|Any CPU.ActiveCfg = Debug|Any CPU
		{2F636B27-B3E7-43DB-8904-6C55D7DD6D76}.Debug|Any CPU.Build.0 = Debug|Any CPU
		{2F636B27-B3E7-43DB-8904-6C55D7DD6D76}.Release|Any CPU.ActiveCfg = Release|Any CPU
		{2F636B27-B3E7-43DB-8904-6C55D7DD6D76}.Release|Any CPU.Build.0 = Release|Any CPU
	EndGlobalSection
	GlobalSection(SolutionProperties) = preSolution
		HideSolutionNode = FALSE
	EndGlobalSection
	GlobalSection(ExtensibilityGlobals) = postSolution
		SolutionGuid = {910D4452-BF11-40A5-80D5-546E6F003D2C}
	EndGlobalSection
EndGlobal
